{
  "name": "assets",
  "version": "1.0.0",
  "lockfileVersion": 1,
  "requires": true,
  "dependencies": {
    "@ethersproject/abi": {
      "version": "5.0.3",
      "resolved": "https://registry.npmjs.org/@ethersproject/abi/-/abi-5.0.3.tgz",
      "integrity": "sha512-fSSs4sgaf5R1955QSpYXW2YkrYBgyOSyENyyMEyJwxTsKJKQPaReTQXafyeRc8ZLi3/2uzeqakH09r0S1hlFng==",
      "dev": true,
      "requires": {
        "@ethersproject/address": "^5.0.3",
        "@ethersproject/bignumber": "^5.0.6",
        "@ethersproject/bytes": "^5.0.4",
        "@ethersproject/constants": "^5.0.3",
        "@ethersproject/hash": "^5.0.3",
        "@ethersproject/keccak256": "^5.0.3",
        "@ethersproject/logger": "^5.0.5",
        "@ethersproject/properties": "^5.0.3",
        "@ethersproject/strings": "^5.0.3"
      }
    },
    "@ethersproject/abstract-provider": {
      "version": "5.0.3",
      "resolved": "https://registry.npmjs.org/@ethersproject/abstract-provider/-/abstract-provider-5.0.3.tgz",
      "integrity": "sha512-0dVq0IcJd6/qTjT+bhJw6ooJuCJDNWTL8SKRFBnqr4OgDW7p1AXX2l7lQd7vX9RpbnDzurSM+fTBKCVWjdm3Vw==",
      "dev": true,
      "requires": {
        "@ethersproject/bignumber": "^5.0.6",
        "@ethersproject/bytes": "^5.0.4",
        "@ethersproject/logger": "^5.0.5",
        "@ethersproject/networks": "^5.0.3",
        "@ethersproject/properties": "^5.0.3",
        "@ethersproject/transactions": "^5.0.3",
        "@ethersproject/web": "^5.0.4"
      }
    },
    "@ethersproject/abstract-signer": {
      "version": "5.0.3",
      "resolved": "https://registry.npmjs.org/@ethersproject/abstract-signer/-/abstract-signer-5.0.3.tgz",
      "integrity": "sha512-uhHXqmcJcxWYD+hcvsp/pu8iSgqQzgSXHJtFGUYBBkWGpCp5kF95nSRlFnyVu9uAqZxwynBtOrPZBd1ACGBQBQ==",
      "dev": true,
      "requires": {
        "@ethersproject/abstract-provider": "^5.0.3",
        "@ethersproject/bignumber": "^5.0.6",
        "@ethersproject/bytes": "^5.0.4",
        "@ethersproject/logger": "^5.0.5",
        "@ethersproject/properties": "^5.0.3"
      }
    },
    "@ethersproject/address": {
      "version": "5.0.3",
      "resolved": "https://registry.npmjs.org/@ethersproject/address/-/address-5.0.3.tgz",
      "integrity": "sha512-LMmLxL1wTNtvwgm/eegcaxtG/W7vHXKzHGUkK9KZEI9W+SfHrpT7cGX+hBcatcUXPANjS3TmOaQ+mq5JU5sGTw==",
      "dev": true,
      "requires": {
        "@ethersproject/bignumber": "^5.0.6",
        "@ethersproject/bytes": "^5.0.4",
        "@ethersproject/keccak256": "^5.0.3",
        "@ethersproject/logger": "^5.0.5",
        "@ethersproject/rlp": "^5.0.3",
        "bn.js": "^4.4.0"
      }
    },
    "@ethersproject/base64": {
      "version": "5.0.3",
      "resolved": "https://registry.npmjs.org/@ethersproject/base64/-/base64-5.0.3.tgz",
      "integrity": "sha512-sFq+/UwGCQsLxMvp7yO7yGWni87QXoV3C3IfjqUSY2BHkbZbCDm+PxZviUkiKf+edYZ2Glp0XnY7CgKSYUN9qw==",
      "dev": true,
      "requires": {
        "@ethersproject/bytes": "^5.0.4"
      }
    },
    "@ethersproject/basex": {
      "version": "5.0.3",
      "resolved": "https://registry.npmjs.org/@ethersproject/basex/-/basex-5.0.3.tgz",
      "integrity": "sha512-EvoER+OXsMAZlvbC0M/9UTxjvbBvTccYCI+uCAhXw+eS1+SUdD4v7ekAFpVX78rPLrLZB1vChKMm6vPHIu3WRA==",
      "dev": true,
      "requires": {
        "@ethersproject/bytes": "^5.0.4",
        "@ethersproject/properties": "^5.0.3"
      }
    },
    "@ethersproject/bignumber": {
      "version": "5.0.6",
      "resolved": "https://registry.npmjs.org/@ethersproject/bignumber/-/bignumber-5.0.6.tgz",
      "integrity": "sha512-fLilYOSH3DJXBrimx7PwrJdY/zAI5MGp229Mvhtcur76Lgt4qNWu9HTiwMGHP01Tkm3YP5gweF83GrQrA2tYUA==",
      "dev": true,
      "requires": {
        "@ethersproject/bytes": "^5.0.4",
        "@ethersproject/logger": "^5.0.5",
        "bn.js": "^4.4.0"
      }
    },
    "@ethersproject/bytes": {
      "version": "5.0.4",
      "resolved": "https://registry.npmjs.org/@ethersproject/bytes/-/bytes-5.0.4.tgz",
      "integrity": "sha512-9R6A6l9JN8x1U4s1dJCR+9h3MZTT3xQofr/Xx8wbDvj6NnY4CbBB0o8ZgHXvR74yV90pY2EzCekpkMBJnRzkSw==",
      "dev": true,
      "requires": {
        "@ethersproject/logger": "^5.0.5"
      }
    },
    "@ethersproject/constants": {
      "version": "5.0.3",
      "resolved": "https://registry.npmjs.org/@ethersproject/constants/-/constants-5.0.3.tgz",
      "integrity": "sha512-iN7KBrA0zNFybDyrkcAPOcyU3CHXYFMd+KM2Jr07Kjg+DVB5wPpEXsOdd/K1KWFsFtGfNdPZ7QP8siLtCePXrQ==",
      "dev": true,
      "requires": {
        "@ethersproject/bignumber": "^5.0.6"
      }
    },
    "@ethersproject/contracts": {
      "version": "5.0.3",
      "resolved": "https://registry.npmjs.org/@ethersproject/contracts/-/contracts-5.0.3.tgz",
      "integrity": "sha512-60H7UJx6qsp3JP5q3jFjzVNGUygRfz+XzfRwx/VeCKjHBUpFxPEIO2S30SMjYKPqw6JsgxbOjxFFZgOfQiNesw==",
      "dev": true,
      "requires": {
        "@ethersproject/abi": "^5.0.3",
        "@ethersproject/abstract-provider": "^5.0.3",
        "@ethersproject/abstract-signer": "^5.0.3",
        "@ethersproject/address": "^5.0.3",
        "@ethersproject/bignumber": "^5.0.6",
        "@ethersproject/bytes": "^5.0.4",
        "@ethersproject/constants": "^5.0.3",
        "@ethersproject/logger": "^5.0.5",
        "@ethersproject/properties": "^5.0.3"
      }
    },
    "@ethersproject/hash": {
      "version": "5.0.3",
      "resolved": "https://registry.npmjs.org/@ethersproject/hash/-/hash-5.0.3.tgz",
      "integrity": "sha512-KSnJyL0G9lxbOK0UPrUcaYTc/RidrX8c+kn7xnEpTmSGxqlndw4BzvQcRgYt31bOIwuFtwlWvOo6AN2tJgdQtA==",
      "dev": true,
      "requires": {
        "@ethersproject/bytes": "^5.0.4",
        "@ethersproject/keccak256": "^5.0.3",
        "@ethersproject/logger": "^5.0.5",
        "@ethersproject/strings": "^5.0.3"
      }
    },
    "@ethersproject/hdnode": {
      "version": "5.0.3",
      "resolved": "https://registry.npmjs.org/@ethersproject/hdnode/-/hdnode-5.0.3.tgz",
      "integrity": "sha512-+VQj0gRxfwRPHH7J32fTU8Ouk9CBFBIqvl937I0swO5PghNXBy/1U+o8gZMOitLIId1P3Wr6QcaDHkusi7OQXw==",
      "dev": true,
      "requires": {
        "@ethersproject/abstract-signer": "^5.0.3",
        "@ethersproject/basex": "^5.0.3",
        "@ethersproject/bignumber": "^5.0.6",
        "@ethersproject/bytes": "^5.0.4",
        "@ethersproject/logger": "^5.0.5",
        "@ethersproject/pbkdf2": "^5.0.3",
        "@ethersproject/properties": "^5.0.3",
        "@ethersproject/sha2": "^5.0.3",
        "@ethersproject/signing-key": "^5.0.4",
        "@ethersproject/strings": "^5.0.3",
        "@ethersproject/transactions": "^5.0.3",
        "@ethersproject/wordlists": "^5.0.3"
      }
    },
    "@ethersproject/json-wallets": {
      "version": "5.0.5",
      "resolved": "https://registry.npmjs.org/@ethersproject/json-wallets/-/json-wallets-5.0.5.tgz",
      "integrity": "sha512-g2kdOY5l+TDE5rIE9BLK+S7fiQMIIsM+KTxxVu4H2COROFwCSMeEb5uMCkccXc3iDX1sOBF653h8kTXCaFY03Q==",
      "dev": true,
      "requires": {
        "@ethersproject/abstract-signer": "^5.0.3",
        "@ethersproject/address": "^5.0.3",
        "@ethersproject/bytes": "^5.0.4",
        "@ethersproject/hdnode": "^5.0.3",
        "@ethersproject/keccak256": "^5.0.3",
        "@ethersproject/logger": "^5.0.5",
        "@ethersproject/pbkdf2": "^5.0.3",
        "@ethersproject/properties": "^5.0.3",
        "@ethersproject/random": "^5.0.3",
        "@ethersproject/strings": "^5.0.3",
        "@ethersproject/transactions": "^5.0.3",
        "aes-js": "3.0.0",
        "scrypt-js": "3.0.1"
      }
    },
    "@ethersproject/keccak256": {
      "version": "5.0.3",
      "resolved": "https://registry.npmjs.org/@ethersproject/keccak256/-/keccak256-5.0.3.tgz",
      "integrity": "sha512-VhW3mgZMBZlETV6AyOmjNeNG+Pg68igiKkPpat8/FZl0CKnfgQ+KZQZ/ee1vT+X0IUM8/djqnei6btmtbA27Ug==",
      "dev": true,
      "requires": {
        "@ethersproject/bytes": "^5.0.4",
        "js-sha3": "0.5.7"
      }
    },
    "@ethersproject/logger": {
      "version": "5.0.5",
      "resolved": "https://registry.npmjs.org/@ethersproject/logger/-/logger-5.0.5.tgz",
      "integrity": "sha512-gJj72WGzQhUtCk6kfvI8elTaPOQyMvrMghp/nbz0ivTo39fZ7IjypFh/ySDeUSdBNplAwhzWKKejQhdpyefg/w==",
      "dev": true
    },
    "@ethersproject/networks": {
      "version": "5.0.3",
      "resolved": "https://registry.npmjs.org/@ethersproject/networks/-/networks-5.0.3.tgz",
      "integrity": "sha512-Gjpejul6XFetJXyvHCd37IiCC00203kYGU9sMaRMZcAcYKszCkbOeo/Q7Mmdr/fS7YBbB5iTOahDJWiRLu/b7A==",
      "dev": true,
      "requires": {
        "@ethersproject/logger": "^5.0.5"
      }
    },
    "@ethersproject/pbkdf2": {
      "version": "5.0.3",
      "resolved": "https://registry.npmjs.org/@ethersproject/pbkdf2/-/pbkdf2-5.0.3.tgz",
      "integrity": "sha512-asc+YgJn7v7GKWYXGz3GM1d9XYI2HvdCw1cLEow2niEC9BfYA29rr1exz100zISk95GIU1YP2zV//zHsMtWE5Q==",
      "dev": true,
      "requires": {
        "@ethersproject/bytes": "^5.0.4",
        "@ethersproject/sha2": "^5.0.3"
      }
    },
    "@ethersproject/properties": {
      "version": "5.0.3",
      "resolved": "https://registry.npmjs.org/@ethersproject/properties/-/properties-5.0.3.tgz",
      "integrity": "sha512-wLCSrbywkQgTO6tIF9ZdKsH9AIxPEqAJF/z5xcPkz1DK4mMAZgAXRNw1MrKYhyb+7CqNHbj3vxenNKFavGY/IA==",
      "dev": true,
      "requires": {
        "@ethersproject/logger": "^5.0.5"
      }
    },
    "@ethersproject/providers": {
      "version": "5.0.6",
      "resolved": "https://registry.npmjs.org/@ethersproject/providers/-/providers-5.0.6.tgz",
      "integrity": "sha512-hY1mFtZvbzqckPxwyR989ujr+cEzsQQdx+DDkNI6E5wF8GiTETAUMl3SmxPzcPebSD++ZI4vKtYdcabsJF0yaA==",
      "dev": true,
      "requires": {
        "@ethersproject/abstract-provider": "^5.0.3",
        "@ethersproject/abstract-signer": "^5.0.3",
        "@ethersproject/address": "^5.0.3",
        "@ethersproject/bignumber": "^5.0.6",
        "@ethersproject/bytes": "^5.0.4",
        "@ethersproject/constants": "^5.0.3",
        "@ethersproject/hash": "^5.0.3",
        "@ethersproject/logger": "^5.0.5",
        "@ethersproject/networks": "^5.0.3",
        "@ethersproject/properties": "^5.0.3",
        "@ethersproject/random": "^5.0.3",
        "@ethersproject/rlp": "^5.0.3",
        "@ethersproject/strings": "^5.0.3",
        "@ethersproject/transactions": "^5.0.3",
        "@ethersproject/web": "^5.0.4",
        "ws": "7.2.3"
      }
    },
    "@ethersproject/random": {
      "version": "5.0.3",
      "resolved": "https://registry.npmjs.org/@ethersproject/random/-/random-5.0.3.tgz",
      "integrity": "sha512-pEhWRbgNeAY1oYk4nIsEtCTh9TtLsivIDbOX11n+DLZLYM3c8qCLxThXtsHwVsMs1JHClZr5auYC4YxtVVzO/A==",
      "dev": true,
      "requires": {
        "@ethersproject/bytes": "^5.0.4",
        "@ethersproject/logger": "^5.0.5"
      }
    },
    "@ethersproject/rlp": {
      "version": "5.0.3",
      "resolved": "https://registry.npmjs.org/@ethersproject/rlp/-/rlp-5.0.3.tgz",
      "integrity": "sha512-Hz4yyA/ilGafASAqtTlLWkA/YqwhQmhbDAq2LSIp1AJNx+wtbKWFAKSckpeZ+WG/xZmT+fw5OFKK7a5IZ4DR5g==",
      "dev": true,
      "requires": {
        "@ethersproject/bytes": "^5.0.4",
        "@ethersproject/logger": "^5.0.5"
      }
    },
    "@ethersproject/sha2": {
      "version": "5.0.3",
      "resolved": "https://registry.npmjs.org/@ethersproject/sha2/-/sha2-5.0.3.tgz",
      "integrity": "sha512-B1U9UkgxhUlC1J4sFUL2GwTo33bM2i/aaD3aiYdTh1FEXtGfqYA89KN1DJ83n+Em8iuvyiBRk6u30VmgqlHeHA==",
      "dev": true,
      "requires": {
        "@ethersproject/bytes": "^5.0.4",
        "@ethersproject/logger": "^5.0.5",
        "hash.js": "1.1.3"
      },
      "dependencies": {
        "hash.js": {
          "version": "1.1.3",
          "resolved": "https://registry.npmjs.org/hash.js/-/hash.js-1.1.3.tgz",
          "integrity": "sha512-/UETyP0W22QILqS+6HowevwhEFJ3MBJnwTf75Qob9Wz9t0DPuisL8kW8YZMK62dHAKE1c1p+gY1TtOLY+USEHA==",
          "dev": true,
          "requires": {
            "inherits": "^2.0.3",
            "minimalistic-assert": "^1.0.0"
          }
        }
      }
    },
    "@ethersproject/signing-key": {
      "version": "5.0.4",
      "resolved": "https://registry.npmjs.org/@ethersproject/signing-key/-/signing-key-5.0.4.tgz",
      "integrity": "sha512-I6pJoga1IvhtjYK5yXzCjs4ZpxrVbt9ZRAlpEw0SW9UuV020YfJH5EIVEGR2evdRceS3nAQIggqbsXSkP8Y1Dg==",
      "dev": true,
      "requires": {
        "@ethersproject/bytes": "^5.0.4",
        "@ethersproject/logger": "^5.0.5",
        "@ethersproject/properties": "^5.0.3",
        "elliptic": "6.5.3"
      }
    },
    "@ethersproject/solidity": {
      "version": "5.0.3",
      "resolved": "https://registry.npmjs.org/@ethersproject/solidity/-/solidity-5.0.3.tgz",
      "integrity": "sha512-a6ni4OIj1e+JrvDiuLVqygYmAh53Ljk5iErkjzPgFBY8dz9xQfDxhpASjOZY0lzCf+N125yeK9N7Vm3HI7OLzQ==",
      "dev": true,
      "requires": {
        "@ethersproject/bignumber": "^5.0.6",
        "@ethersproject/bytes": "^5.0.4",
        "@ethersproject/keccak256": "^5.0.3",
        "@ethersproject/sha2": "^5.0.3",
        "@ethersproject/strings": "^5.0.3"
      }
    },
    "@ethersproject/strings": {
      "version": "5.0.3",
      "resolved": "https://registry.npmjs.org/@ethersproject/strings/-/strings-5.0.3.tgz",
      "integrity": "sha512-8kEx3+Z6cMn581yh093qnaSa8H7XzmLn6g8YFDHUpzXM7+bvXvnL2ciHrJ+EbvaMQZpej6nNtl0nm7XF4PmQHA==",
      "dev": true,
      "requires": {
        "@ethersproject/bytes": "^5.0.4",
        "@ethersproject/constants": "^5.0.3",
        "@ethersproject/logger": "^5.0.5"
      }
    },
    "@ethersproject/transactions": {
      "version": "5.0.3",
      "resolved": "https://registry.npmjs.org/@ethersproject/transactions/-/transactions-5.0.3.tgz",
      "integrity": "sha512-cqsAAFUQV6iWqfgLL7KCPNfd3pXJPDdYtE6QuBEAIpc7cgbJ7TIDCF/dN+1otfERHJIbjGSNrhh4axKRnSFswg==",
      "dev": true,
      "requires": {
        "@ethersproject/address": "^5.0.3",
        "@ethersproject/bignumber": "^5.0.6",
        "@ethersproject/bytes": "^5.0.4",
        "@ethersproject/constants": "^5.0.3",
        "@ethersproject/keccak256": "^5.0.3",
        "@ethersproject/logger": "^5.0.5",
        "@ethersproject/properties": "^5.0.3",
        "@ethersproject/rlp": "^5.0.3",
        "@ethersproject/signing-key": "^5.0.4"
      }
    },
    "@ethersproject/units": {
      "version": "5.0.3",
      "resolved": "https://registry.npmjs.org/@ethersproject/units/-/units-5.0.3.tgz",
      "integrity": "sha512-PyQ066mFczUy0CSJJrc/VK+1ATh1bsI8EkzAVT7GQ0IPJlNDcXnGNtlH5EQGHzuXA3GDQNV23poB0Cy/WDb2zg==",
      "dev": true,
      "requires": {
        "@ethersproject/bignumber": "^5.0.6",
        "@ethersproject/constants": "^5.0.3",
        "@ethersproject/logger": "^5.0.5"
      }
    },
    "@ethersproject/wallet": {
      "version": "5.0.3",
      "resolved": "https://registry.npmjs.org/@ethersproject/wallet/-/wallet-5.0.3.tgz",
      "integrity": "sha512-Nouwfh1HlpxaeRRi4+UDVsfrd9fitBHUvw35bTMSwJLFsZTb9xPd0LGWdX4llwVlAP/CXb6qDc0zwYy6uLp7Lw==",
      "dev": true,
      "requires": {
        "@ethersproject/abstract-provider": "^5.0.3",
        "@ethersproject/abstract-signer": "^5.0.3",
        "@ethersproject/address": "^5.0.3",
        "@ethersproject/bignumber": "^5.0.6",
        "@ethersproject/bytes": "^5.0.4",
        "@ethersproject/hash": "^5.0.3",
        "@ethersproject/hdnode": "^5.0.3",
        "@ethersproject/json-wallets": "^5.0.5",
        "@ethersproject/keccak256": "^5.0.3",
        "@ethersproject/logger": "^5.0.5",
        "@ethersproject/properties": "^5.0.3",
        "@ethersproject/random": "^5.0.3",
        "@ethersproject/signing-key": "^5.0.4",
        "@ethersproject/transactions": "^5.0.3",
        "@ethersproject/wordlists": "^5.0.3"
      }
    },
    "@ethersproject/web": {
      "version": "5.0.4",
      "resolved": "https://registry.npmjs.org/@ethersproject/web/-/web-5.0.4.tgz",
      "integrity": "sha512-1ZSbFGJo61huhDW5M8hqjP8zoCK6zZlu3jYAJrFKVNgBjEm1UYMY5fsoogYHWkLgCgBIf+M6yKzYdtAs4tol4Q==",
      "dev": true,
      "requires": {
        "@ethersproject/base64": "^5.0.3",
        "@ethersproject/bytes": "^5.0.4",
        "@ethersproject/logger": "^5.0.5",
        "@ethersproject/properties": "^5.0.3",
        "@ethersproject/strings": "^5.0.3"
      }
    },
    "@ethersproject/wordlists": {
      "version": "5.0.3",
      "resolved": "https://registry.npmjs.org/@ethersproject/wordlists/-/wordlists-5.0.3.tgz",
      "integrity": "sha512-Asro9CcBJqxtMnmKrsg79GMmH02p0JmdOwhEdRHRbr51UMRqAfV5RjiidYk21aMsTflv4VY3HgFs6q6FtRJs+w==",
      "dev": true,
      "requires": {
        "@ethersproject/bytes": "^5.0.4",
        "@ethersproject/hash": "^5.0.3",
        "@ethersproject/logger": "^5.0.5",
        "@ethersproject/properties": "^5.0.3",
        "@ethersproject/strings": "^5.0.3"
      }
    },
    "@fleekhq/fleek-storage-js": {
      "version": "1.0.9",
      "resolved": "https://registry.npmjs.org/@fleekhq/fleek-storage-js/-/fleek-storage-js-1.0.9.tgz",
      "integrity": "sha512-hTPpZcfz4U8gB1j9Yuc13JmUQTXX0pfIDGMTB4nAi+LirTEMt6g0oyLmC1+bhjOf6Cvv64JzwB9ufKQTU5Xwsg==",
      "dev": true,
      "requires": {
        "aws-sdk": "^2.691.0",
        "axios": "^0.19.2"
      },
      "dependencies": {
        "axios": {
          "version": "0.19.2",
          "resolved": "https://registry.npmjs.org/axios/-/axios-0.19.2.tgz",
          "integrity": "sha512-fjgm5MvRHLhx+osE2xoekY70AhARk3a6hkN+3Io1jc00jtquGvxYlKlsFUhmUET0V5te6CcZI7lcv2Ym61mjHA==",
          "dev": true,
          "requires": {
            "follow-redirects": "1.5.10"
          }
        },
        "follow-redirects": {
          "version": "1.5.10",
          "resolved": "https://registry.npmjs.org/follow-redirects/-/follow-redirects-1.5.10.tgz",
          "integrity": "sha512-0V5l4Cizzvqt5D44aTXbFZz+FtyXV1vrDN6qrelxtfYQKW0KO0W2T/hkE8xvGa/540LkZlkaUjO4ailYTFtHVQ==",
          "dev": true,
          "requires": {
            "debug": "=3.1.0"
          }
        }
      }
    },
    "aes-js": {
      "version": "3.0.0",
      "resolved": "https://registry.npmjs.org/aes-js/-/aes-js-3.0.0.tgz",
      "integrity": "sha1-4h3xCtbCBTKVvLuNq0Cwnb6ofk0=",
      "dev": true
    },
    "aws-sdk": {
      "version": "2.828.0",
      "resolved": "https://registry.npmjs.org/aws-sdk/-/aws-sdk-2.828.0.tgz",
      "integrity": "sha512-JoDujGdncSIF9ka+XFZjop/7G+fNGucwPwYj7OHYMmFIOV5p7YmqomdbVmH/vIzd988YZz8oLOinWc4jM6vvhg==",
      "dev": true,
      "requires": {
        "buffer": "4.9.2",
        "events": "1.1.1",
        "ieee754": "1.1.13",
        "jmespath": "0.15.0",
        "querystring": "0.2.0",
        "sax": "1.2.1",
        "url": "0.10.3",
        "uuid": "3.3.2",
        "xml2js": "0.4.19"
      }
    },
    "axios": {
      "version": "0.21.1",
      "resolved": "https://registry.npmjs.org/axios/-/axios-0.21.1.tgz",
      "integrity": "sha512-dKQiRHxGD9PPRIUNIWvZhPTPpl1rf/OxTYKsqKUDjBwYylTvV7SjSHJb9ratfyzM6wCdLCOYLzs73qpg5c4iGA==",
      "dev": true,
      "requires": {
        "follow-redirects": "^1.10.0"
      }
    },
    "base64-js": {
      "version": "1.5.1",
      "resolved": "https://registry.npmjs.org/base64-js/-/base64-js-1.5.1.tgz",
      "integrity": "sha512-AKpaYlHn8t4SVbOHCy+b5+KKgvR4vrsD8vbvrbiQJps7fKDTkjkDry6ji0rUJjC0kzbNePLwzxq8iypo41qeWA==",
      "dev": true
    },
    "bn.js": {
      "version": "4.11.9",
      "resolved": "https://registry.npmjs.org/bn.js/-/bn.js-4.11.9.tgz",
      "integrity": "sha512-E6QoYqCKZfgatHTdHzs1RRKP7ip4vvm+EyRUeE2RF0NblwVvb0p6jSVeNTOFxPn26QXN2o6SMfNxKp6kU8zQaw==",
      "dev": true
    },
    "brorand": {
      "version": "1.1.0",
      "resolved": "https://registry.npmjs.org/brorand/-/brorand-1.1.0.tgz",
      "integrity": "sha1-EsJe/kCkXjwyPrhnWgoM5XsiNx8=",
      "dev": true
    },
    "buffer": {
      "version": "4.9.2",
      "resolved": "https://registry.npmjs.org/buffer/-/buffer-4.9.2.tgz",
      "integrity": "sha512-xq+q3SRMOxGivLhBNaUdC64hDTQwejJ+H0T/NB1XMtTVEwNTrfFF3gAxiyW0Bu/xWEGhjVKgUcMhCrUy2+uCWg==",
      "dev": true,
      "requires": {
        "base64-js": "^1.0.2",
        "ieee754": "^1.1.4",
        "isarray": "^1.0.0"
      }
    },
    "debug": {
      "version": "3.1.0",
      "resolved": "https://registry.npmjs.org/debug/-/debug-3.1.0.tgz",
      "integrity": "sha512-OX8XqP7/1a9cqkxYw2yXss15f26NKWBpDXQd0/uK/KPqdQhxbPa994hnzjcE2VqQpDslf55723cKPUOGSmMY3g==",
      "dev": true,
      "requires": {
        "ms": "2.0.0"
      }
    },
    "elliptic": {
      "version": "6.5.3",
      "resolved": "https://registry.npmjs.org/elliptic/-/elliptic-6.5.3.tgz",
      "integrity": "sha512-IMqzv5wNQf+E6aHeIqATs0tOLeOTwj1QKbRcS3jBbYkl5oLAserA8yJTT7/VyHUYG91PRmPyeQDObKLPpeS4dw==",
      "dev": true,
      "requires": {
        "bn.js": "^4.4.0",
        "brorand": "^1.0.1",
        "hash.js": "^1.0.0",
        "hmac-drbg": "^1.0.0",
        "inherits": "^2.0.1",
        "minimalistic-assert": "^1.0.0",
        "minimalistic-crypto-utils": "^1.0.0"
      }
    },
    "ethers": {
      "version": "5.0.9",
      "resolved": "https://registry.npmjs.org/ethers/-/ethers-5.0.9.tgz",
      "integrity": "sha512-jv2ULxAKRlJv0zrhpUvYcwwITFghoJOEhOqSJhLBT3TnZyF/lmAS3tC8nejIlwxzOJw7LCyde8U+BwTzZdFDrQ==",
      "dev": true,
      "requires": {
        "@ethersproject/abi": "^5.0.3",
        "@ethersproject/abstract-provider": "^5.0.3",
        "@ethersproject/abstract-signer": "^5.0.3",
        "@ethersproject/address": "^5.0.3",
        "@ethersproject/base64": "^5.0.3",
        "@ethersproject/basex": "^5.0.3",
        "@ethersproject/bignumber": "^5.0.6",
        "@ethersproject/bytes": "^5.0.4",
        "@ethersproject/constants": "^5.0.3",
        "@ethersproject/contracts": "^5.0.3",
        "@ethersproject/hash": "^5.0.3",
        "@ethersproject/hdnode": "^5.0.3",
        "@ethersproject/json-wallets": "^5.0.5",
        "@ethersproject/keccak256": "^5.0.3",
        "@ethersproject/logger": "^5.0.5",
        "@ethersproject/networks": "^5.0.3",
        "@ethersproject/pbkdf2": "^5.0.3",
        "@ethersproject/properties": "^5.0.3",
        "@ethersproject/providers": "^5.0.6",
        "@ethersproject/random": "^5.0.3",
        "@ethersproject/rlp": "^5.0.3",
        "@ethersproject/sha2": "^5.0.3",
        "@ethersproject/signing-key": "^5.0.4",
        "@ethersproject/solidity": "^5.0.3",
        "@ethersproject/strings": "^5.0.3",
        "@ethersproject/transactions": "^5.0.3",
        "@ethersproject/units": "^5.0.3",
        "@ethersproject/wallet": "^5.0.3",
        "@ethersproject/web": "^5.0.4",
        "@ethersproject/wordlists": "^5.0.3"
      }
    },
    "events": {
      "version": "1.1.1",
      "resolved": "https://registry.npmjs.org/events/-/events-1.1.1.tgz",
      "integrity": "sha1-nr23Y1rQmccNzEwqH1AEKI6L2SQ=",
      "dev": true
    },
    "follow-redirects": {
      "version": "1.13.3",
      "resolved": "https://registry.npmjs.org/follow-redirects/-/follow-redirects-1.13.3.tgz",
      "integrity": "sha512-DUgl6+HDzB0iEptNQEXLx/KhTmDb8tZUHSeLqpnjpknR70H0nC2t9N73BK6fN4hOvJ84pKlIQVQ4k5FFlBedKA==",
      "dev": true
    },
    "hash.js": {
      "version": "1.1.7",
      "resolved": "https://registry.npmjs.org/hash.js/-/hash.js-1.1.7.tgz",
      "integrity": "sha512-taOaskGt4z4SOANNseOviYDvjEJinIkRgmp7LbKP2YTTmVxWBl87s/uzK9r+44BclBSp2X7K1hqeNfz9JbBeXA==",
      "dev": true,
      "requires": {
        "inherits": "^2.0.3",
        "minimalistic-assert": "^1.0.1"
      }
    },
    "hmac-drbg": {
      "version": "1.0.1",
      "resolved": "https://registry.npmjs.org/hmac-drbg/-/hmac-drbg-1.0.1.tgz",
      "integrity": "sha1-0nRXAQJabHdabFRXk+1QL8DGSaE=",
      "dev": true,
      "requires": {
        "hash.js": "^1.0.3",
        "minimalistic-assert": "^1.0.0",
        "minimalistic-crypto-utils": "^1.0.1"
      }
    },
    "ieee754": {
      "version": "1.1.13",
      "resolved": "https://registry.npmjs.org/ieee754/-/ieee754-1.1.13.tgz",
      "integrity": "sha512-4vf7I2LYV/HaWerSo3XmlMkp5eZ83i+/CDluXi/IGTs/O1sejBNhTtnxzmRZfvOUqj7lZjqHkeTvpgSFDlWZTg==",
      "dev": true
    },
    "inherits": {
      "version": "2.0.4",
      "resolved": "https://registry.npmjs.org/inherits/-/inherits-2.0.4.tgz",
      "integrity": "sha512-k/vGaX4/Yla3WzyMCvTQOXYeIHvqOKtnqBduzTHpzpQZzAskKMhZ2K+EnBiSM9zGSoIFeMpXKxa4dYeZIQqewQ==",
      "dev": true
    },
    "isarray": {
      "version": "1.0.0",
      "resolved": "https://registry.npmjs.org/isarray/-/isarray-1.0.0.tgz",
      "integrity": "sha1-u5NdSFgsuhaMBoNJV6VKPgcSTxE=",
      "dev": true
    },
    "jmespath": {
      "version": "0.15.0",
      "resolved": "https://registry.npmjs.org/jmespath/-/jmespath-0.15.0.tgz",
      "integrity": "sha1-o/Iiqarp+Wb10nx5ZRDigJF2Qhc=",
      "dev": true
    },
    "js-sha3": {
      "version": "0.5.7",
      "resolved": "https://registry.npmjs.org/js-sha3/-/js-sha3-0.5.7.tgz",
      "integrity": "sha1-DU/9gALVMzqrr0oj7tL2N0yfKOc=",
      "dev": true
    },
    "minimalistic-assert": {
      "version": "1.0.1",
      "resolved": "https://registry.npmjs.org/minimalistic-assert/-/minimalistic-assert-1.0.1.tgz",
      "integrity": "sha512-UtJcAD4yEaGtjPezWuO9wC4nwUnVH/8/Im3yEHQP4b67cXlD/Qr9hdITCU1xDbSEXg2XKNaP8jsReV7vQd00/A==",
      "dev": true
    },
    "minimalistic-crypto-utils": {
      "version": "1.0.1",
      "resolved": "https://registry.npmjs.org/minimalistic-crypto-utils/-/minimalistic-crypto-utils-1.0.1.tgz",
      "integrity": "sha1-9sAMHAsIIkblxNmd+4x8CDsrWCo=",
      "dev": true
    },
    "ms": {
      "version": "2.0.0",
      "resolved": "https://registry.npmjs.org/ms/-/ms-2.0.0.tgz",
      "integrity": "sha1-VgiurfwAvmwpAd9fmGF4jeDVl8g=",
      "dev": true
    },
    "punycode": {
      "version": "1.3.2",
      "resolved": "https://registry.npmjs.org/punycode/-/punycode-1.3.2.tgz",
      "integrity": "sha1-llOgNvt8HuQjQvIyXM7v6jkmxI0=",
      "dev": true
    },
    "querystring": {
      "version": "0.2.0",
      "resolved": "https://registry.npmjs.org/querystring/-/querystring-0.2.0.tgz",
      "integrity": "sha1-sgmEkgO7Jd+CDadW50cAWHhSFiA=",
      "dev": true
    },
    "sax": {
      "version": "1.2.1",
      "resolved": "https://registry.npmjs.org/sax/-/sax-1.2.1.tgz",
      "integrity": "sha1-e45lYZCyKOgaZq6nSEgNgozS03o=",
      "dev": true
    },
    "scrypt-js": {
      "version": "3.0.1",
      "resolved": "https://registry.npmjs.org/scrypt-js/-/scrypt-js-3.0.1.tgz",
      "integrity": "sha512-cdwTTnqPu0Hyvf5in5asVdZocVDTNRmR7XEcJuIzMjJeSHybHl7vpB66AzwTaIg6CLSbtjcxc8fqcySfnTkccA==",
      "dev": true
    },
    "url": {
      "version": "0.10.3",
      "resolved": "https://registry.npmjs.org/url/-/url-0.10.3.tgz",
      "integrity": "sha1-Ah5NnHcF8hu/N9A861h2dAJ3TGQ=",
      "dev": true,
      "requires": {
        "punycode": "1.3.2",
        "querystring": "0.2.0"
      }
    },
    "uuid": {
      "version": "3.3.2",
      "resolved": "https://registry.npmjs.org/uuid/-/uuid-3.3.2.tgz",
      "integrity": "sha512-yXJmeNaw3DnnKAOKJE51sL/ZaYfWJRl1pK9dr19YFCu0ObS231AB1/LbqTKRAQ5kw8A90rA6fr4riOUpTZvQZA==",
      "dev": true
    },
    "ws": {
      "version": "7.2.3",
      "resolved": "https://registry.npmjs.org/ws/-/ws-7.2.3.tgz",
      "integrity": "sha512-HTDl9G9hbkNDk98naoR/cHDws7+EyYMOdL1BmjsZXRUjf7d+MficC4B7HLUPlSiho0vg+CWKrGIt/VJBd1xunQ==",
      "dev": true
    },
    "xml2js": {
      "version": "0.4.19",
      "resolved": "https://registry.npmjs.org/xml2js/-/xml2js-0.4.19.tgz",
      "integrity": "sha512-esZnJZJOiJR9wWKMyuvSE1y6Dq5LCuJanqhxslH2bxM6duahNZ+HMpCLhBQGZkbX6xRf8x1Y2eJlgt2q3qo49Q==",
      "dev": true,
      "requires": {
        "sax": ">=0.6.0",
        "xmlbuilder": "~9.0.1"
      }
    },
    "xmlbuilder": {
      "version": "9.0.7",
      "resolved": "https://registry.npmjs.org/xmlbuilder/-/xmlbuilder-9.0.7.tgz",
      "integrity": "sha1-Ey7mPS7FVlxVfiD0wi35rKaGsQ0=",
      "dev": true
    }
  }
}
